
Microsoft Visual Studio Solution File, Format Version 12.00
# Visual Studio Version 16
VisualStudioVersion = 16.0.30503.244
MinimumVisualStudioVersion = 10.0.40219.1
Project("{8BC9CEB8-8B4A-11D0-8D11-00A0C91BC942}") = "SP_Project", "SP_Project\SP_Project.vcxproj", "{16E2A736-F47C-4482-92F4-A16DBE48F65E}"
EndProject
Global
	GlobalSection(SolutionConfigurationPlatforms) = preSolution
		Debug|x64 = Debug|x64
		Debug|x86 = Debug|x86
		Release|x64 = Release|x64
		Release|x86 = Release|x86
	EndGlobalSection
	GlobalSection(ProjectConfigurationPlatforms) = postSolution
		{16E2A736-F47C-4482-92F4-A16DBE48F65E}.Debug|x64.ActiveCfg = Debug|x64
		{16E2A736-F47C-4482-92F4-A16DBE48F65E}.Debug|x64.Build.0 = Debug|x64
		{16E2A736-F47C-4482-92F4-A16DBE48F65E}.Debug|x86.ActiveCfg = Debug|Win32
		{16E2A736-F47C-4482-92F4-A16DBE48F65E}.Debug|x86.Build.0 = Debug|Win32
		{16E2A736-F47C-4482-92F4-A16DBE48F65E}.Release|x64.ActiveCfg = Release|x64
		{16E2A736-F47C-4482-92F4-A16DBE48F65E}.Release|x64.Build.0 = Release|x64
		{16E2A736-F47C-4482-92F4-A16DBE48F65E}.Release|x86.ActiveCfg = Release|Win32
		{16E2A736-F47C-4482-92F4-A16DBE48F65E}.Release|x86.Build.0 = Release|Win32
	EndGlobalSection
	GlobalSection(SolutionProperties) = preSolution
		HideSolutionNode = FALSE
	EndGlobalSection
	GlobalSection(ExtensibilityGlobals) = postSolution
		SolutionGuid = {16EF8395-196F-4D39-92C2-0F7284195C14}
	EndGlobalSection
EndGlobal
